PODS:
  - AcknowList (1.9.4)
  - CocoaLumberjack/Core (3.6.1)
  - CocoaLumberjack/Swift (3.6.1):
    - CocoaLumberjack/Core
  - Differentiator (4.0.1)
  - ReactorKit (2.0.1):
    - RxSwift (~> 5.0)
  - ReusableKit (3.0.0):
    - ReusableKit/Core (= 3.0.0)
  - ReusableKit/Core (3.0.0)
  - RxCocoa (5.1.1):
    - RxRelay (~> 5)
    - RxSwift (~> 5)
  - RxDataSources (4.0.1):
    - Differentiator (~> 4.0)
    - RxCocoa (~> 5.0)
    - RxSwift (~> 5.0)
  - RxOptional (4.1.0):
    - RxCocoa (~> 5)
    - RxSwift (~> 5)
  - RxRelay (5.1.1):
    - RxSwift (~> 5)
  - RxSwift (5.1.1)
  - RxViewController (1.0.0):
    - RxCocoa (~> 5.0)
    - RxSwift (~> 5.0)
  - SnapKit (5.0.1)
  - Then (2.6.0)

DEPENDENCIES:
  - AcknowList
  - CocoaLumberjack/Swift
  - ReactorKit
  - ReusableKit
  - RxCocoa
  - RxDataSources
  - RxOptional
  - RxSwift
  - RxViewController
  - SnapKit
  - Then

SPEC REPOS:
  trunk:
    - AcknowList
    - CocoaLumberjack
    - Differentiator
    - ReactorKit
    - ReusableKit
    - RxCocoa
    - RxDataSources
    - RxOptional
    - RxRelay
    - RxSwift
    - RxViewController
    - SnapKit
    - Then

SPEC CHECKSUMS:
  AcknowList: a236060b8c33141d7756814fd21d5dab477fc193
  CocoaLumberjack: b17ae15142558d08bbacf69775fa10c4abbebcc9
  Differentiator: 886080237d9f87f322641dedbc5be257061b0602
  ReactorKit: a63c5e11e0fd32d59d672e54178b0ed2876b764b
  ReusableKit: e5f853ad4652e411f96b6119b2488afa12929be6
  RxCocoa: 32065309a38d29b5b0db858819b5bf9ef038b601
  RxDataSources: efee07fa4de48477eca0a4611e6d11e2da9c1114
  RxOptional: b1fcd60856807a564c0215c2184b8d33e7826dc2
  RxRelay: d77f7d771495f43c556cbc43eebd1bb54d01e8e9
  RxSwift: 81470a2074fa8780320ea5fe4102807cb7118178
  RxViewController: 7330a46e5c31cd680db169da4c9fc8676e975a81
  SnapKit: 97b92857e3df3a0c71833cce143274bf6ef8e5eb
  Then: 90cd104fd951cec1980a03f57704ad8f784d4d79

PODFILE CHECKSUM: fc1e5314b28d12c4e3b6c442f6ed724bc66eb1ef

COCOAPODS: 1.8.4
